
Microsoft Visual Studio Solution File, Format Version 12.00
# Visual Studio Version 17
VisualStudioVersion = 17.10.34916.146
MinimumVisualStudioVersion = 10.0.40219.1
Project("{FAE04EC0-301F-11D3-BF4B-00C04F79EFBC}") = "OAuth", "OAuth.csproj", "{6F4F8263-38F6-4BEE-BDC0-67C364A30F45}"
EndProject
Global
	GlobalSection(SolutionConfigurationPlatforms) = preSolution
		Debug|Any CPU = Debug|Any CPU
		Release|Any CPU = Release|Any CPU
	EndGlobalSection
	GlobalSection(ProjectConfigurationPlatforms) = postSolution
		{6F4F8263-38F6-4BEE-BDC0-67C364A30F45}.Debug|Any CPU.ActiveCfg = Debug|Any CPU
		{6F4F8263-38F6-4BEE-BDC0-67C364A30F45}.Debug|Any CPU.Build.0 = Debug|Any CPU
		{6F4F8263-38F6-4BEE-BDC0-67C364A30F45}.Release|Any CPU.ActiveCfg = Release|Any CPU
		{6F4F8263-38F6-4BEE-BDC0-67C364A30F45}.Release|Any CPU.Build.0 = Release|Any CPU
	EndGlobalSection
	GlobalSection(SolutionProperties) = preSolution
		HideSolutionNode = FALSE
	EndGlobalSection
	GlobalSection(ExtensibilityGlobals) = postSolution
		SolutionGuid = {48E06912-EB48-403C-B72C-7EC7C5242B12}
	EndGlobalSection
EndGlobal
